{
    "_readme": [
        "This file locks the dependencies of your project to a known state",
        "Read more about it at https://getcomposer.org/doc/01-basic-usage.md#installing-dependencies",
        "This file is @generated automatically"
    ],
    "content-hash": "f987dc5f8253cc46c01f29f60890943b",
    "packages": [
        {
            "name": "paypal/paypal-checkout-sdk",
            "version": "1.0.1",
            "source": {
                "type": "git",
                "url": "https://github.com/paypal/Checkout-PHP-SDK.git",
                "reference": "ed6a55075448308b87a8b59dcb7fedf04a048cb1"
            },
            "dist": {
                "type": "zip",
                "url": "https://api.github.com/repos/paypal/Checkout-PHP-SDK/zipball/ed6a55075448308b87a8b59dcb7fedf04a048cb1",
                "reference": "ed6a55075448308b87a8b59dcb7fedf04a048cb1",
                "shasum": ""
            },
            "require": {
                "paypal/paypalhttp": "1.0.0"
            },
            "require-dev": {
                "phpunit/phpunit": "^5.7"
            },
            "type": "library",
            "autoload": {
                "psr-4": {
                    "PayPalCheckoutSdk\\": "lib/PayPalCheckoutSdk",
                    "Sample\\": "samples/"
                }
            },
            "notification-url": "https://packagist.org/downloads/",
            "license": [
                "https://github.com/paypal/Checkout-PHP-SDK/blob/master/LICENSE"
            ],
            "authors": [
                {
                    "name": "PayPal",
                    "homepage": "https://github.com/paypal/Checkout-PHP-SDK/contributors"
                }
            ],
            "description": "PayPal's PHP SDK for Checkout REST APIs",
            "homepage": "http://github.com/paypal/Checkout-PHP-SDK/",
            "keywords": [
                "checkout",
                "orders",
                "payments",
                "paypal",
                "rest",
                "sdk"
            ],
            "time": "2019-11-07T23:16:44+00:00"
        },
        {
            "name": "paypal/paypalhttp",
            "version": "1.0.0",
            "source": {
                "type": "git",
                "url": "https://github.com/paypal/paypalhttp_php.git",
                "reference": "1ad9b846a046f09d6135cbf2cbaa7701bbc630a3"
            },
            "dist": {
                "type": "zip",
                "url": "https://api.github.com/repos/paypal/paypalhttp_php/zipball/1ad9b846a046f09d6135cbf2cbaa7701bbc630a3",
                "reference": "1ad9b846a046f09d6135cbf2cbaa7701bbc630a3",
                "shasum": ""
            },
            "require": {
                "ext-curl": "*"
            },
            "require-dev": {
                "phpunit/phpunit": "^5.7",
                "wiremock-php/wiremock-php": "1.43.2"
            },
            "type": "library",
            "autoload": {
                "psr-4": {
                    "PayPalHttp\\": "lib/PayPalHttp"
                }
            },
            "notification-url": "https://packagist.org/downloads/",
            "license": [
                "MIT"
            ],
            "authors": [
                {
                    "name": "PayPal",
                    "homepage": "https://github.com/paypal/paypalhttp_php/contributors"
                }
            ],
            "time": "2019-11-06T21:27:12+00:00"
        },
        {
            "name": "phalcon/incubator",
            "version": "v3.4.6",
            "source": {
                "type": "git",
                "url": "https://github.com/phalcon/incubator.git",
                "reference": "4883d9009a9d651308bfc201a0e9440c0ff692e2"
            },
            "dist": {
                "type": "zip",
                "url": "https://api.github.com/repos/phalcon/incubator/zipball/4883d9009a9d651308bfc201a0e9440c0ff692e2",
                "reference": "4883d9009a9d651308bfc201a0e9440c0ff692e2",
                "shasum": ""
            },
            "require": {
                "ext-phalcon": "^3.3",
                "php": ">=5.5"
            },
            "require-dev": {
                "codeception/aerospike-module": "^1.0",
                "codeception/codeception": "^2.5",
                "codeception/mockery-module": "0.2.2",
                "codeception/specify": "^0.4",
                "codeception/verify": "^0.3",
                "doctrine/instantiator": "1.0.5",
                "phalcon/dd": "^1.1",
                "phpdocumentor/reflection-docblock": "2.0.4",
                "phpunit/phpunit": "^4.8",
                "squizlabs/php_codesniffer": "^2.9",
                "vlucas/phpdotenv": "^2.4"
            },
            "suggest": {
                "duncan3dc/fork-helper": "To use extended class to access the beanstalk queue service",
                "ext-aerospike": "*",
                "phalcon/ide-stubs": "Phalcon IDE Stubs",
                "sergeyklay/aerospike-php-stubs": "The most complete Aerospike PHP stubs which allows autocomplete in modern IDEs",
                "swiftmailer/swiftmailer": "~5.2",
                "twig/twig": "~1.35|~2.0"
            },
            "type": "library",
            "autoload": {
                "psr-4": {
                    "Phalcon\\": "Library/Phalcon/"
                }
            },
            "notification-url": "https://packagist.org/downloads/",
            "license": [
                "BSD-3-Clause"
            ],
            "authors": [
                {
                    "name": "Phalcon Team",
                    "email": "team@phalconphp.com",
                    "homepage": "https://phalconphp.com/en/team"
                },
                {
                    "name": "Contributors",
                    "homepage": "https://github.com/phalcon/incubator/graphs/contributors"
                }
            ],
            "description": "Adapters, prototypes or functionality that can be potentially incorporated to the C-framework.",
            "homepage": "https://phalconphp.com",
            "keywords": [
                "framework",
                "incubator",
                "phalcon"
            ],
            "time": "2019-09-16T13:54:24+00:00"
        }
    ],
    "packages-dev": [
        {
            "name": "phalcon/ide-stubs",
            "version": "v3.4.0",
            "source": {
                "type": "git",
                "url": "https://github.com/phalcon/ide-stubs.git",
                "reference": "af75e05f8cdcda31ee45145dbd918b8a75ffcce4"
            },
            "dist": {
                "type": "zip",
                "url": "https://api.github.com/repos/phalcon/ide-stubs/zipball/af75e05f8cdcda31ee45145dbd918b8a75ffcce4",
                "reference": "af75e05f8cdcda31ee45145dbd918b8a75ffcce4",
                "shasum": ""
            },
            "require": {
                "php": ">=5.3.0"
            },
            "type": "library",
            "notification-url": "https://packagist.org/downloads/",
            "license": [
                "BSD-3-Clause"
            ],
            "authors": [
                {
                    "name": "Phalcon Team",
                    "email": "team@phalconphp.com",
                    "homepage": "https://phalconphp.com/en/team"
                },
                {
                    "name": "Contributors",
                    "homepage": "https://github.com/phalcon/ide-stubs/graphs/contributors"
                }
            ],
            "description": "The most complete Phalcon Framework IDE stubs library which enables autocompletion in modern IDEs.",
            "homepage": "https://phalconphp.com",
            "keywords": [
                "Devtools",
                "Eclipse",
                "autocomplete",
                "ide",
                "netbeans",
                "phalcon",
                "phpstorm",
                "stub",
                "stubs"
            ],
            "time": "2018-05-28T06:20:06+00:00"
        }
    ],
    "aliases": [],
    "minimum-stability": "stable",
    "stability-flags": [],
    "prefer-stable": false,
    "prefer-lowest": false,
    "platform": [],
    "platform-dev": []
}
